// !$*UTF8*$!
{
	archiveVersion = 1;
	classes = {
	};
	objectVersion = 56;
	objects = {

/* Begin PBXBuildFile section */
		9C68417B2B6BAA5B00C267FD /* GoogleSignIn in Frameworks */ = {isa = PBXBuildFile; productRef = 9C68417A2B6BAA5B00C267FD /* GoogleSignIn */; };
		9C68417D2B6BAA5B00C267FD /* GoogleSignInSwift in Frameworks */ = {isa = PBXBuildFile; productRef = 9C68417C2B6BAA5B00C267FD /* GoogleSignInSwift */; };
		9C68417F2B6BC15C00C267FD /* StorageManager.swift in Sources */ = {isa = PBXBuildFile; fileRef = 9C68417E2B6BC15C00C267FD /* StorageManager.swift */; };
		9C91D4672B4852E00075669A /* FacebookLogin in Frameworks */ = {isa = PBXBuildFile; productRef = 9C91D4662B4852E00075669A /* FacebookLogin */; };
		9CA4317D2B4583AF00D3E004 /* AppDelegate.swift in Sources */ = {isa = PBXBuildFile; fileRef = 9CA4317C2B4583AF00D3E004 /* AppDelegate.swift */; };
		9CA4317F2B4583AF00D3E004 /* SceneDelegate.swift in Sources */ = {isa = PBXBuildFile; fileRef = 9CA4317E2B4583AF00D3E004 /* SceneDelegate.swift */; };
		9CA431812B4583AF00D3E004 /* ConversationsViewController.swift in Sources */ = {isa = PBXBuildFile; fileRef = 9CA431802B4583AF00D3E004 /* ConversationsViewController.swift */; };
		9CA431842B4583AF00D3E004 /* Main.storyboard in Resources */ = {isa = PBXBuildFile; fileRef = 9CA431822B4583AF00D3E004 /* Main.storyboard */; };
		9CA431862B4583B000D3E004 /* Assets.xcassets in Resources */ = {isa = PBXBuildFile; fileRef = 9CA431852B4583B000D3E004 /* Assets.xcassets */; };
		9CA431892B4583B000D3E004 /* LaunchScreen.storyboard in Resources */ = {isa = PBXBuildFile; fileRef = 9CA431872B4583B000D3E004 /* LaunchScreen.storyboard */; };
		9CA431972B45998400D3E004 /* LoginViewController.swift in Sources */ = {isa = PBXBuildFile; fileRef = 9CA431962B45998400D3E004 /* LoginViewController.swift */; };
		9CA431992B45999800D3E004 /* RegisterViewController.swift in Sources */ = {isa = PBXBuildFile; fileRef = 9CA431982B45999800D3E004 /* RegisterViewController.swift */; };
		9CA4319B2B4599BF00D3E004 /* PhotoViewerViewController.swift in Sources */ = {isa = PBXBuildFile; fileRef = 9CA4319A2B4599BF00D3E004 /* PhotoViewerViewController.swift */; };
		9CA4319D2B4599CC00D3E004 /* VideoPlayerViewController.swift in Sources */ = {isa = PBXBuildFile; fileRef = 9CA4319C2B4599CC00D3E004 /* VideoPlayerViewController.swift */; };
		9CA4319F2B459A0500D3E004 /* NewConversationViewController.swift in Sources */ = {isa = PBXBuildFile; fileRef = 9CA4319E2B459A0500D3E004 /* NewConversationViewController.swift */; };
		9CA431A12B459A1B00D3E004 /* ProfileViewController.swift in Sources */ = {isa = PBXBuildFile; fileRef = 9CA431A02B459A1B00D3E004 /* ProfileViewController.swift */; };
		9CA431A42B45C88C00D3E004 /* Extensions.swift in Sources */ = {isa = PBXBuildFile; fileRef = 9CA431A32B45C88C00D3E004 /* Extensions.swift */; };
		9CB277FD2B46BC2000A2C916 /* DatabaseManager.swift in Sources */ = {isa = PBXBuildFile; fileRef = 9CB277FC2B46BC2000A2C916 /* DatabaseManager.swift */; };
		9CB34EDF2B49395C008DB217 /* GoogleService-Info.plist in Resources */ = {isa = PBXBuildFile; fileRef = 9CB34EDE2B49395C008DB217 /* GoogleService-Info.plist */; };
		9CB34EE62B4952A3008DB217 /* AuthenticationViewModel.swift in Sources */ = {isa = PBXBuildFile; fileRef = 9CB34EE52B4952A3008DB217 /* AuthenticationViewModel.swift */; };
		9CB34EE82B49B03F008DB217 /* ChatViewController.swift in Sources */ = {isa = PBXBuildFile; fileRef = 9CB34EE72B49B03F008DB217 /* ChatViewController.swift */; };
		A0C030816CF46B9E565F8BC8 /* Pods_Messenger.framework in Frameworks */ = {isa = PBXBuildFile; fileRef = FA78CBCB22C5A3120AC4606B /* Pods_Messenger.framework */; };
/* End PBXBuildFile section */

/* Begin PBXFileReference section */
		3298639878C8D223A3EC8F8E /* Pods-Messenger.debug.xcconfig */ = {isa = PBXFileReference; includeInIndex = 1; lastKnownFileType = text.xcconfig; name = "Pods-Messenger.debug.xcconfig"; path = "Target Support Files/Pods-Messenger/Pods-Messenger.debug.xcconfig"; sourceTree = "<group>"; };
		9C68417E2B6BC15C00C267FD /* StorageManager.swift */ = {isa = PBXFileReference; lastKnownFileType = sourcecode.swift; path = StorageManager.swift; sourceTree = "<group>"; };
		9C91D4642B4846110075669A /* Messenger.entitlements */ = {isa = PBXFileReference; lastKnownFileType = text.plist.entitlements; path = Messenger.entitlements; sourceTree = "<group>"; };
		9CA431792B4583AF00D3E004 /* Messenger.app */ = {isa = PBXFileReference; explicitFileType = wrapper.application; includeInIndex = 0; path = Messenger.app; sourceTree = BUILT_PRODUCTS_DIR; };
		9CA4317C2B4583AF00D3E004 /* AppDelegate.swift */ = {isa = PBXFileReference; lastKnownFileType = sourcecode.swift; path = AppDelegate.swift; sourceTree = "<group>"; };
		9CA4317E2B4583AF00D3E004 /* SceneDelegate.swift */ = {isa = PBXFileReference; lastKnownFileType = sourcecode.swift; path = SceneDelegate.swift; sourceTree = "<group>"; };
		9CA431802B4583AF00D3E004 /* ConversationsViewController.swift */ = {isa = PBXFileReference; lastKnownFileType = sourcecode.swift; path = ConversationsViewController.swift; sourceTree = "<group>"; };
		9CA431832B4583AF00D3E004 /* Base */ = {isa = PBXFileReference; lastKnownFileType = file.storyboard; name = Base; path = Base.lproj/Main.storyboard; sourceTree = "<group>"; };
		9CA431852B4583B000D3E004 /* Assets.xcassets */ = {isa = PBXFileReference; lastKnownFileType = folder.assetcatalog; path = Assets.xcassets; sourceTree = "<group>"; };
		9CA431882B4583B000D3E004 /* Base */ = {isa = PBXFileReference; lastKnownFileType = file.storyboard; name = Base; path = Base.lproj/LaunchScreen.storyboard; sourceTree = "<group>"; };
		9CA4318A2B4583B000D3E004 /* Info.plist */ = {isa = PBXFileReference; lastKnownFileType = text.plist.xml; path = Info.plist; sourceTree = "<group>"; };
		9CA431962B45998400D3E004 /* LoginViewController.swift */ = {isa = PBXFileReference; lastKnownFileType = sourcecode.swift; path = LoginViewController.swift; sourceTree = "<group>"; };
		9CA431982B45999800D3E004 /* RegisterViewController.swift */ = {isa = PBXFileReference; lastKnownFileType = sourcecode.swift; path = RegisterViewController.swift; sourceTree = "<group>"; };
		9CA4319A2B4599BF00D3E004 /* PhotoViewerViewController.swift */ = {isa = PBXFileReference; lastKnownFileType = sourcecode.swift; path = PhotoViewerViewController.swift; sourceTree = "<group>"; };
		9CA4319C2B4599CC00D3E004 /* VideoPlayerViewController.swift */ = {isa = PBXFileReference; lastKnownFileType = sourcecode.swift; path = VideoPlayerViewController.swift; sourceTree = "<group>"; };
		9CA4319E2B459A0500D3E004 /* NewConversationViewController.swift */ = {isa = PBXFileReference; lastKnownFileType = sourcecode.swift; path = NewConversationViewController.swift; sourceTree = "<group>"; };
		9CA431A02B459A1B00D3E004 /* ProfileViewController.swift */ = {isa = PBXFileReference; lastKnownFileType = sourcecode.swift; path = ProfileViewController.swift; sourceTree = "<group>"; };
		9CA431A32B45C88C00D3E004 /* Extensions.swift */ = {isa = PBXFileReference; lastKnownFileType = sourcecode.swift; path = Extensions.swift; sourceTree = "<group>"; };
		9CB277FC2B46BC2000A2C916 /* DatabaseManager.swift */ = {isa = PBXFileReference; lastKnownFileType = sourcecode.swift; path = DatabaseManager.swift; sourceTree = "<group>"; };
		9CB34EDE2B49395C008DB217 /* GoogleService-Info.plist */ = {isa = PBXFileReference; fileEncoding = 4; lastKnownFileType = text.plist.xml; name = "GoogleService-Info.plist"; path = "../../../../../Desktop/GoogleService-Info.plist"; sourceTree = "<group>"; };
		9CB34EE52B4952A3008DB217 /* AuthenticationViewModel.swift */ = {isa = PBXFileReference; lastKnownFileType = sourcecode.swift; path = AuthenticationViewModel.swift; sourceTree = "<group>"; };
		9CB34EE72B49B03F008DB217 /* ChatViewController.swift */ = {isa = PBXFileReference; lastKnownFileType = sourcecode.swift; path = ChatViewController.swift; sourceTree = "<group>"; };
		B9C5BE3D6F4283E0548E3FF4 /* Pods-Messenger.release.xcconfig */ = {isa = PBXFileReference; includeInIndex = 1; lastKnownFileType = text.xcconfig; name = "Pods-Messenger.release.xcconfig"; path = "Target Support Files/Pods-Messenger/Pods-Messenger.release.xcconfig"; sourceTree = "<group>"; };
		FA78CBCB22C5A3120AC4606B /* Pods_Messenger.framework */ = {isa = PBXFileReference; explicitFileType = wrapper.framework; includeInIndex = 0; path = Pods_Messenger.framework; sourceTree = BUILT_PRODUCTS_DIR; };
/* End PBXFileReference section */

/* Begin PBXFrameworksBuildPhase section */
		9CA431762B4583AF00D3E004 /* Frameworks */ = {
			isa = PBXFrameworksBuildPhase;
			buildActionMask = 2147483647;
			files = (
				9C91D4672B4852E00075669A /* FacebookLogin in Frameworks */,
				A0C030816CF46B9E565F8BC8 /* Pods_Messenger.framework in Frameworks */,
				9C68417B2B6BAA5B00C267FD /* GoogleSignIn in Frameworks */,
				9C68417D2B6BAA5B00C267FD /* GoogleSignInSwift in Frameworks */,
			);
			runOnlyForDeploymentPostprocessing = 0;
		};
/* End PBXFrameworksBuildPhase section */

/* Begin PBXGroup section */
		93809B76D702BA32EB38EBE4 /* Frameworks */ = {
			isa = PBXGroup;
			children = (
				FA78CBCB22C5A3120AC4606B /* Pods_Messenger.framework */,
			);
			name = Frameworks;
			sourceTree = "<group>";
		};
		9CA431702B4583AF00D3E004 = {
			isa = PBXGroup;
			children = (
				9CA4317B2B4583AF00D3E004 /* Messenger */,
				9CA4317A2B4583AF00D3E004 /* Products */,
				EB186F68E9A8D423A0D0CAB2 /* Pods */,
				93809B76D702BA32EB38EBE4 /* Frameworks */,
			);
			sourceTree = "<group>";
		};
		9CA4317A2B4583AF00D3E004 /* Products */ = {
			isa = PBXGroup;
			children = (
				9CA431792B4583AF00D3E004 /* Messenger.app */,
			);
			name = Products;
			sourceTree = "<group>";
		};
		9CA4317B2B4583AF00D3E004 /* Messenger */ = {
			isa = PBXGroup;
			children = (
				9C91D4642B4846110075669A /* Messenger.entitlements */,
				9CB34EDE2B49395C008DB217 /* GoogleService-Info.plist */,
				9CA431942B45966D00D3E004 /* Resources */,
				9CA431932B45966400D3E004 /* ViewModels */,
				9CA431922B45965D00D3E004 /* Models */,
				9CA431912B45965600D3E004 /* Views */,
				9CA431902B45964800D3E004 /* Controllers */,
				9CA4318A2B4583B000D3E004 /* Info.plist */,
			);
			path = Messenger;
			sourceTree = "<group>";
		};
		9CA431902B45964800D3E004 /* Controllers */ = {
			isa = PBXGroup;
			children = (
				9CA431A22B45BC1500D3E004 /* Login */,
				9CA431802B4583AF00D3E004 /* ConversationsViewController.swift */,
				9CA4319A2B4599BF00D3E004 /* PhotoViewerViewController.swift */,
				9CA4319C2B4599CC00D3E004 /* VideoPlayerViewController.swift */,
				9CA4319E2B459A0500D3E004 /* NewConversationViewController.swift */,
				9CA431A02B459A1B00D3E004 /* ProfileViewController.swift */,
				9CB34EE72B49B03F008DB217 /* ChatViewController.swift */,
			);
			path = Controllers;
			sourceTree = "<group>";
		};
		9CA431912B45965600D3E004 /* Views */ = {
			isa = PBXGroup;
			children = (
				9CA431952B45969D00D3E004 /* Storyboards */,
				9CA431852B4583B000D3E004 /* Assets.xcassets */,
			);
			path = Views;
			sourceTree = "<group>";
		};
		9CA431922B45965D00D3E004 /* Models */ = {
			isa = PBXGroup;
			children = (
			);
			path = Models;
			sourceTree = "<group>";
		};
		9CA431932B45966400D3E004 /* ViewModels */ = {
			isa = PBXGroup;
			children = (
				9CB34EE52B4952A3008DB217 /* AuthenticationViewModel.swift */,
			);
			path = ViewModels;
			sourceTree = "<group>";
		};
		9CA431942B45966D00D3E004 /* Resources */ = {
			isa = PBXGroup;
			children = (
				9CA4317C2B4583AF00D3E004 /* AppDelegate.swift */,
				9CA4317E2B4583AF00D3E004 /* SceneDelegate.swift */,
				9CA431A32B45C88C00D3E004 /* Extensions.swift */,
				9CB277FC2B46BC2000A2C916 /* DatabaseManager.swift */,
				9C68417E2B6BC15C00C267FD /* StorageManager.swift */,
			);
			path = Resources;
			sourceTree = "<group>";
		};
		9CA431952B45969D00D3E004 /* Storyboards */ = {
			isa = PBXGroup;
			children = (
				9CA431822B4583AF00D3E004 /* Main.storyboard */,
				9CA431872B4583B000D3E004 /* LaunchScreen.storyboard */,
			);
			path = Storyboards;
			sourceTree = "<group>";
		};
		9CA431A22B45BC1500D3E004 /* Login */ = {
			isa = PBXGroup;
			children = (
				9CA431962B45998400D3E004 /* LoginViewController.swift */,
				9CA431982B45999800D3E004 /* RegisterViewController.swift */,
			);
			path = Login;
			sourceTree = "<group>";
		};
		EB186F68E9A8D423A0D0CAB2 /* Pods */ = {
			isa = PBXGroup;
			children = (
				3298639878C8D223A3EC8F8E /* Pods-Messenger.debug.xcconfig */,
				B9C5BE3D6F4283E0548E3FF4 /* Pods-Messenger.release.xcconfig */,
			);
			path = Pods;
			sourceTree = "<group>";
		};
/* End PBXGroup section */

/* Begin PBXNativeTarget section */
		9CA431782B4583AF00D3E004 /* Messenger */ = {
			isa = PBXNativeTarget;
			buildConfigurationList = 9CA4318D2B4583B000D3E004 /* Build configuration list for PBXNativeTarget "Messenger" */;
			buildPhases = (
				BE676E52F75BAD0901A875D8 /* [CP] Check Pods Manifest.lock */,
				9CA431752B4583AF00D3E004 /* Sources */,
				9CA431762B4583AF00D3E004 /* Frameworks */,
				9CA431772B4583AF00D3E004 /* Resources */,
				337E9AB9F23B35CD461E20C9 /* [CP] Embed Pods Frameworks */,
			);
			buildRules = (
			);
			dependencies = (
			);
			name = Messenger;
			packageProductDependencies = (
				9C91D4662B4852E00075669A /* FacebookLogin */,
				9C68417A2B6BAA5B00C267FD /* GoogleSignIn */,
				9C68417C2B6BAA5B00C267FD /* GoogleSignInSwift */,
			);
			productName = Messenger;
			productReference = 9CA431792B4583AF00D3E004 /* Messenger.app */;
			productType = "com.apple.product-type.application";
		};
/* End PBXNativeTarget section */

/* Begin PBXProject section */
		9CA431712B4583AF00D3E004 /* Project object */ = {
			isa = PBXProject;
			attributes = {
				BuildIndependentTargetsInParallel = 1;
				LastSwiftUpdateCheck = 1430;
				LastUpgradeCheck = 1430;
				TargetAttributes = {
					9CA431782B4583AF00D3E004 = {
						CreatedOnToolsVersion = 14.3.1;
					};
				};
			};
			buildConfigurationList = 9CA431742B4583AF00D3E004 /* Build configuration list for PBXProject "Messenger" */;
			compatibilityVersion = "Xcode 14.0";
			developmentRegion = en;
			hasScannedForEncodings = 0;
			knownRegions = (
				en,
				Base,
			);
			mainGroup = 9CA431702B4583AF00D3E004;
			packageReferences = (
				9C91D4652B4852E00075669A /* XCRemoteSwiftPackageReference "facebook-ios-sdk" */,
				9C6841792B6BAA5A00C267FD /* XCRemoteSwiftPackageReference "GoogleSignIn-iOS" */,
			);
			productRefGroup = 9CA4317A2B4583AF00D3E004 /* Products */;
			projectDirPath = "";
			projectRoot = "";
			targets = (
				9CA431782B4583AF00D3E004 /* Messenger */,
			);
		};
/* End PBXProject section */

/* Begin PBXResourcesBuildPhase section */
		9CA431772B4583AF00D3E004 /* Resources */ = {
			isa = PBXResourcesBuildPhase;
			buildActionMask = 2147483647;
			files = (
				9CA431892B4583B000D3E004 /* LaunchScreen.storyboard in Resources */,
				9CA431862B4583B000D3E004 /* Assets.xcassets in Resources */,
				9CB34EDF2B49395C008DB217 /* GoogleService-Info.plist in Resources */,
				9CA431842B4583AF00D3E004 /* Main.storyboard in Resources */,
			);
			runOnlyForDeploymentPostprocessing = 0;
		};
/* End PBXResourcesBuildPhase section */

/* Begin PBXShellScriptBuildPhase section */
		337E9AB9F23B35CD461E20C9 /* [CP] Embed Pods Frameworks */ = {
			isa = PBXShellScriptBuildPhase;
			buildActionMask = 2147483647;
			files = (
			);
			inputFileListPaths = (
				"${PODS_ROOT}/Target Support Files/Pods-Messenger/Pods-Messenger-frameworks-${CONFIGURATION}-input-files.xcfilelist",
			);
			name = "[CP] Embed Pods Frameworks";
			outputFileListPaths = (
				"${PODS_ROOT}/Target Support Files/Pods-Messenger/Pods-Messenger-frameworks-${CONFIGURATION}-output-files.xcfilelist",
			);
			runOnlyForDeploymentPostprocessing = 0;
			shellPath = /bin/sh;
			shellScript = "\"${PODS_ROOT}/Target Support Files/Pods-Messenger/Pods-Messenger-frameworks.sh\"\n";
			showEnvVarsInLog = 0;
		};
		BE676E52F75BAD0901A875D8 /* [CP] Check Pods Manifest.lock */ = {
			isa = PBXShellScriptBuildPhase;
			buildActionMask = 2147483647;
			files = (
			);
			inputFileListPaths = (
			);
			inputPaths = (
				"${PODS_PODFILE_DIR_PATH}/Podfile.lock",
				"${PODS_ROOT}/Manifest.lock",
			);
			name = "[CP] Check Pods Manifest.lock";
			outputFileListPaths = (
			);
			outputPaths = (
				"$(DERIVED_FILE_DIR)/Pods-Messenger-checkManifestLockResult.txt",
			);
			runOnlyForDeploymentPostprocessing = 0;
			shellPath = /bin/sh;
			shellScript = "diff \"${PODS_PODFILE_DIR_PATH}/Podfile.lock\" \"${PODS_ROOT}/Manifest.lock\" > /dev/null\nif [ $? != 0 ] ; then\n    # print error to STDERR\n    echo \"error: The sandbox is not in sync with the Podfile.lock. Run 'pod install' or update your CocoaPods installation.\" >&2\n    exit 1\nfi\n# This output is used by Xcode 'outputs' to avoid re-running this script phase.\necho \"SUCCESS\" > \"${SCRIPT_OUTPUT_FILE_0}\"\n";
			showEnvVarsInLog = 0;
		};
/* End PBXShellScriptBuildPhase section */

/* Begin PBXSourcesBuildPhase section */
		9CA431752B4583AF00D3E004 /* Sources */ = {
			isa = PBXSourcesBuildPhase;
			buildActionMask = 2147483647;
			files = (
				9CB34EE62B4952A3008DB217 /* AuthenticationViewModel.swift in Sources */,
				9CA431972B45998400D3E004 /* LoginViewController.swift in Sources */,
				9CB277FD2B46BC2000A2C916 /* DatabaseManager.swift in Sources */,
				9C68417F2B6BC15C00C267FD /* StorageManager.swift in Sources */,
				9CA431992B45999800D3E004 /* RegisterViewController.swift in Sources */,
				9CA4319F2B459A0500D3E004 /* NewConversationViewController.swift in Sources */,
				9CA431812B4583AF00D3E004 /* ConversationsViewController.swift in Sources */,
				9CA4319D2B4599CC00D3E004 /* VideoPlayerViewController.swift in Sources */,
				9CA431A42B45C88C00D3E004 /* Extensions.swift in Sources */,
				9CA4317D2B4583AF00D3E004 /* AppDelegate.swift in Sources */,
				9CB34EE82B49B03F008DB217 /* ChatViewController.swift in Sources */,
				9CA431A12B459A1B00D3E004 /* ProfileViewController.swift in Sources */,
				9CA4317F2B4583AF00D3E004 /* SceneDelegate.swift in Sources */,
				9CA4319B2B4599BF00D3E004 /* PhotoViewerViewController.swift in Sources */,
			);
			runOnlyForDeploymentPostprocessing = 0;
		};
/* End PBXSourcesBuildPhase section */

/* Begin PBXVariantGroup section */
		9CA431822B4583AF00D3E004 /* Main.storyboard */ = {
			isa = PBXVariantGroup;
			children = (
				9CA431832B4583AF00D3E004 /* Base */,
			);
			name = Main.storyboard;
			sourceTree = "<group>";
		};
		9CA431872B4583B000D3E004 /* LaunchScreen.storyboard */ = {
			isa = PBXVariantGroup;
			children = (
				9CA431882B4583B000D3E004 /* Base */,
			);
			name = LaunchScreen.storyboard;
			sourceTree = "<group>";
		};
/* End PBXVariantGroup section */

/* Begin XCBuildConfiguration section */
		9CA4318B2B4583B000D3E004 /* Debug */ = {
			isa = XCBuildConfiguration;
			buildSettings = {
				ALWAYS_SEARCH_USER_PATHS = NO;
				CLANG_ANALYZER_NONNULL = YES;
				CLANG_ANALYZER_NUMBER_OBJECT_CONVERSION = YES_AGGRESSIVE;
				CLANG_CXX_LANGUAGE_STANDARD = "gnu++20";
				CLANG_ENABLE_MODULES = YES;
				CLANG_ENABLE_OBJC_ARC = YES;
				CLANG_ENABLE_OBJC_WEAK = YES;
				CLANG_WARN_BLOCK_CAPTURE_AUTORELEASING = YES;
				CLANG_WARN_BOOL_CONVERSION = YES;
				CLANG_WARN_COMMA = YES;
				CLANG_WARN_CONSTANT_CONVERSION = YES;
				CLANG_WARN_DEPRECATED_OBJC_IMPLEMENTATIONS = YES;
				CLANG_WARN_DIRECT_OBJC_ISA_USAGE = YES_ERROR;
				CLANG_WARN_DOCUMENTATION_COMMENTS = YES;
				CLANG_WARN_EMPTY_BODY = YES;
				CLANG_WARN_ENUM_CONVERSION = YES;
				CLANG_WARN_INFINITE_RECURSION = YES;
				CLANG_WARN_INT_CONVERSION = YES;
				CLANG_WARN_NON_LITERAL_NULL_CONVERSION = YES;
				CLANG_WARN_OBJC_IMPLICIT_RETAIN_SELF = YES;
				CLANG_WARN_OBJC_LITERAL_CONVERSION = YES;
				CLANG_WARN_OBJC_ROOT_CLASS = YES_ERROR;
				CLANG_WARN_QUOTED_INCLUDE_IN_FRAMEWORK_HEADER = YES;
				CLANG_WARN_RANGE_LOOP_ANALYSIS = YES;
				CLANG_WARN_STRICT_PROTOTYPES = YES;
				CLANG_WARN_SUSPICIOUS_MOVE = YES;
				CLANG_WARN_UNGUARDED_AVAILABILITY = YES_AGGRESSIVE;
				CLANG_WARN_UNREACHABLE_CODE = YES;
				CLANG_WARN__DUPLICATE_METHOD_MATCH = YES;
				COPY_PHASE_STRIP = NO;
				DEBUG_INFORMATION_FORMAT = dwarf;
				ENABLE_STRICT_OBJC_MSGSEND = YES;
				ENABLE_TESTABILITY = YES;
				GCC_C_LANGUAGE_STANDARD = gnu11;
				GCC_DYNAMIC_NO_PIC = NO;
				GCC_NO_COMMON_BLOCKS = YES;
				GCC_OPTIMIZATION_LEVEL = 0;
				GCC_PREPROCESSOR_DEFINITIONS = (
					"DEBUG=1",
					"$(inherited)",
				);
				GCC_WARN_64_TO_32_BIT_CONVERSION = YES;
				GCC_WARN_ABOUT_RETURN_TYPE = YES_ERROR;
				GCC_WARN_UNDECLARED_SELECTOR = YES;
				GCC_WARN_UNINITIALIZED_AUTOS = YES_AGGRESSIVE;
				GCC_WARN_UNUSED_FUNCTION = YES;
				GCC_WARN_UNUSED_VARIABLE = YES;
				IPHONEOS_DEPLOYMENT_TARGET = 13.0;
				MTL_ENABLE_DEBUG_INFO = INCLUDE_SOURCE;
				MTL_FAST_MATH = YES;
				ONLY_ACTIVE_ARCH = YES;
				SDKROOT = iphoneos;
				SWIFT_ACTIVE_COMPILATION_CONDITIONS = DEBUG;
				SWIFT_OPTIMIZATION_LEVEL = "-Onone";
			};
			name = Debug;
		};
		9CA4318C2B4583B000D3E004 /* Release */ = {
			isa = XCBuildConfiguration;
			buildSettings = {
				ALWAYS_SEARCH_USER_PATHS = NO;
				CLANG_ANALYZER_NONNULL = YES;
				CLANG_ANALYZER_NUMBER_OBJECT_CONVERSION = YES_AGGRESSIVE;
				CLANG_CXX_LANGUAGE_STANDARD = "gnu++20";
				CLANG_ENABLE_MODULES = YES;
				CLANG_ENABLE_OBJC_ARC = YES;
				CLANG_ENABLE_OBJC_WEAK = YES;
				CLANG_WARN_BLOCK_CAPTURE_AUTORELEASING = YES;
				CLANG_WARN_BOOL_CONVERSION = YES;
				CLANG_WARN_COMMA = YES;
				CLANG_WARN_CONSTANT_CONVERSION = YES;
				CLANG_WARN_DEPRECATED_OBJC_IMPLEMENTATIONS = YES;
				CLANG_WARN_DIRECT_OBJC_ISA_USAGE = YES_ERROR;
				CLANG_WARN_DOCUMENTATION_COMMENTS = YES;
				CLANG_WARN_EMPTY_BODY = YES;
				CLANG_WARN_ENUM_CONVERSION = YES;
				CLANG_WARN_INFINITE_RECURSION = YES;
				CLANG_WARN_INT_CONVERSION = YES;
				CLANG_WARN_NON_LITERAL_NULL_CONVERSION = YES;
				CLANG_WARN_OBJC_IMPLICIT_RETAIN_SELF = YES;
				CLANG_WARN_OBJC_LITERAL_CONVERSION = YES;
				CLANG_WARN_OBJC_ROOT_CLASS = YES_ERROR;
				CLANG_WARN_QUOTED_INCLUDE_IN_FRAMEWORK_HEADER = YES;
				CLANG_WARN_RANGE_LOOP_ANALYSIS = YES;
				CLANG_WARN_STRICT_PROTOTYPES = YES;
				CLANG_WARN_SUSPICIOUS_MOVE = YES;
				CLANG_WARN_UNGUARDED_AVAILABILITY = YES_AGGRESSIVE;
				CLANG_WARN_UNREACHABLE_CODE = YES;
				CLANG_WARN__DUPLICATE_METHOD_MATCH = YES;
				COPY_PHASE_STRIP = NO;
				DEBUG_INFORMATION_FORMAT = "dwarf-with-dsym";
				ENABLE_NS_ASSERTIONS = NO;
				ENABLE_STRICT_OBJC_MSGSEND = YES;
				GCC_C_LANGUAGE_STANDARD = gnu11;
				GCC_NO_COMMON_BLOCKS = YES;
				GCC_WARN_64_TO_32_BIT_CONVERSION = YES;
				GCC_WARN_ABOUT_RETURN_TYPE = YES_ERROR;
				GCC_WARN_UNDECLARED_SELECTOR = YES;
				GCC_WARN_UNINITIALIZED_AUTOS = YES_AGGRESSIVE;
				GCC_WARN_UNUSED_FUNCTION = YES;
				GCC_WARN_UNUSED_VARIABLE = YES;
				IPHONEOS_DEPLOYMENT_TARGET = 13.0;
				MTL_ENABLE_DEBUG_INFO = NO;
				MTL_FAST_MATH = YES;
				SDKROOT = iphoneos;
				SWIFT_COMPILATION_MODE = wholemodule;
				SWIFT_OPTIMIZATION_LEVEL = "-O";
				VALIDATE_PRODUCT = YES;
			};
			name = Release;
		};
		9CA4318E2B4583B000D3E004 /* Debug */ = {
			isa = XCBuildConfiguration;
			baseConfigurationReference = 3298639878C8D223A3EC8F8E /* Pods-Messenger.debug.xcconfig */;
			buildSettings = {
				ASSETCATALOG_COMPILER_APPICON_NAME = AppIcon;
				ASSETCATALOG_COMPILER_GLOBAL_ACCENT_COLOR_NAME = AccentColor;
				CODE_SIGN_ENTITLEMENTS = Messenger/Messenger.entitlements;
				CODE_SIGN_STYLE = Automatic;
				CURRENT_PROJECT_VERSION = 1;
				GENERATE_INFOPLIST_FILE = YES;
				INFOPLIST_FILE = Messenger/Info.plist;
				INFOPLIST_KEY_NSCameraUsageDescription = "Please allow access to take a profile picture";
				INFOPLIST_KEY_NSPhotoLibraryUsageDescription = "Please allow access to select photo from library";
				INFOPLIST_KEY_UIApplicationSupportsIndirectInputEvents = YES;
				INFOPLIST_KEY_UILaunchStoryboardName = LaunchScreen;
				INFOPLIST_KEY_UIMainStoryboardFile = Main;
				INFOPLIST_KEY_UISupportedInterfaceOrientations = UIInterfaceOrientationPortrait;
				LD_RUNPATH_SEARCH_PATHS = (
					"$(inherited)",
					"@executable_path/Frameworks",
				);
				MARKETING_VERSION = 1.0;
				PRODUCT_BUNDLE_IDENTIFIER = com.Mahmud.Messenger;
				PRODUCT_NAME = "$(TARGET_NAME)";
				SWIFT_EMIT_LOC_STRINGS = YES;
				SWIFT_VERSION = 5.0;
				TARGETED_DEVICE_FAMILY = "1,2";
			};
			name = Debug;
		};
		9CA4318F2B4583B000D3E004 /* Release */ = {
			isa = XCBuildConfiguration;
			baseConfigurationReference = B9C5BE3D6F4283E0548E3FF4 /* Pods-Messenger.release.xcconfig */;
			buildSettings = {
				ASSETCATALOG_COMPILER_APPICON_NAME = AppIcon;
				ASSETCATALOG_COMPILER_GLOBAL_ACCENT_COLOR_NAME = AccentColor;
				CODE_SIGN_ENTITLEMENTS = Messenger/Messenger.entitlements;
				CODE_SIGN_STYLE = Automatic;
				CURRENT_PROJECT_VERSION = 1;
				GENERATE_INFOPLIST_FILE = YES;
				INFOPLIST_FILE = Messenger/Info.plist;
				INFOPLIST_KEY_NSCameraUsageDescription = "Please allow access to take a profile picture";
				INFOPLIST_KEY_NSPhotoLibraryUsageDescription = "Please allow access to select photo from library";
				INFOPLIST_KEY_UIApplicationSupportsIndirectInputEvents = YES;
				INFOPLIST_KEY_UILaunchStoryboardName = LaunchScreen;
				INFOPLIST_KEY_UIMainStoryboardFile = Main;
				INFOPLIST_KEY_UISupportedInterfaceOrientations = UIInterfaceOrientationPortrait;
				LD_RUNPATH_SEARCH_PATHS = (
					"$(inherited)",
					"@executable_path/Frameworks",
				);
				MARKETING_VERSION = 1.0;
				PRODUCT_BUNDLE_IDENTIFIER = com.Mahmud.Messenger;
				PRODUCT_NAME = "$(TARGET_NAME)";
				SWIFT_EMIT_LOC_STRINGS = YES;
				SWIFT_VERSION = 5.0;
				TARGETED_DEVICE_FAMILY = "1,2";
			};
			name = Release;
		};
/* End XCBuildConfiguration section */

/* Begin XCConfigurationList section */
		9CA431742B4583AF00D3E004 /* Build configuration list for PBXProject "Messenger" */ = {
			isa = XCConfigurationList;
			buildConfigurations = (
				9CA4318B2B4583B000D3E004 /* Debug */,
				9CA4318C2B4583B000D3E004 /* Release */,
			);
			defaultConfigurationIsVisible = 0;
			defaultConfigurationName = Release;
		};
		9CA4318D2B4583B000D3E004 /* Build configuration list for PBXNativeTarget "Messenger" */ = {
			isa = XCConfigurationList;
			buildConfigurations = (
				9CA4318E2B4583B000D3E004 /* Debug */,
				9CA4318F2B4583B000D3E004 /* Release */,
			);
			defaultConfigurationIsVisible = 0;
			defaultConfigurationName = Release;
		};
/* End XCConfigurationList section */

/* Begin XCRemoteSwiftPackageReference section */
		9C6841792B6BAA5A00C267FD /* XCRemoteSwiftPackageReference "GoogleSignIn-iOS" */ = {
			isa = XCRemoteSwiftPackageReference;
			repositoryURL = "https://github.com/google/GoogleSignIn-iOS";
			requirement = {
				kind = upToNextMajorVersion;
				minimumVersion = 7.0.0;
			};
		};
		9C91D4652B4852E00075669A /* XCRemoteSwiftPackageReference "facebook-ios-sdk" */ = {
			isa = XCRemoteSwiftPackageReference;
			repositoryURL = "https://github.com/facebook/facebook-ios-sdk";
			requirement = {
				kind = upToNextMajorVersion;
				minimumVersion = 14.0.0;
			};
		};
/* End XCRemoteSwiftPackageReference section */

/* Begin XCSwiftPackageProductDependency section */
		9C68417A2B6BAA5B00C267FD /* GoogleSignIn */ = {
			isa = XCSwiftPackageProductDependency;
			package = 9C6841792B6BAA5A00C267FD /* XCRemoteSwiftPackageReference "GoogleSignIn-iOS" */;
			productName = GoogleSignIn;
		};
		9C68417C2B6BAA5B00C267FD /* GoogleSignInSwift */ = {
			isa = XCSwiftPackageProductDependency;
			package = 9C6841792B6BAA5A00C267FD /* XCRemoteSwiftPackageReference "GoogleSignIn-iOS" */;
			productName = GoogleSignInSwift;
		};
		9C91D4662B4852E00075669A /* FacebookLogin */ = {
			isa = XCSwiftPackageProductDependency;
			package = 9C91D4652B4852E00075669A /* XCRemoteSwiftPackageReference "facebook-ios-sdk" */;
			productName = FacebookLogin;
		};
/* End XCSwiftPackageProductDependency section */
	};
	rootObject = 9CA431712B4583AF00D3E004 /* Project object */;
}
